
Microsoft Visual Studio Solution File, Format Version 12.00
# Visual Studio Version 16
VisualStudioVersion = 16.0.30611.23
MinimumVisualStudioVersion = 10.0.40219.1
Project("{FAE04EC0-301F-11D3-BF4B-00C04F79EFBC}") = "4_ListaDeFuncionarios", "4_ListaDeFuncionarios\4_ListaDeFuncionarios.csproj", "{C90EB526-84E1-4D72-93DA-E1826D3ADFF5}"
EndProject
Global
	GlobalSection(SolutionConfigurationPlatforms) = preSolution
		Debug|Any CPU = Debug|Any CPU
		Release|Any CPU = Release|Any CPU
	EndGlobalSection
	GlobalSection(ProjectConfigurationPlatforms) = postSolution
		{C90EB526-84E1-4D72-93DA-E1826D3ADFF5}.Debug|Any CPU.ActiveCfg = Debug|Any CPU
		{C90EB526-84E1-4D72-93DA-E1826D3ADFF5}.Debug|Any CPU.Build.0 = Debug|Any CPU
		{C90EB526-84E1-4D72-93DA-E1826D3ADFF5}.Release|Any CPU.ActiveCfg = Release|Any CPU
		{C90EB526-84E1-4D72-93DA-E1826D3ADFF5}.Release|Any CPU.Build.0 = Release|Any CPU
	EndGlobalSection
	GlobalSection(SolutionProperties) = preSolution
		HideSolutionNode = FALSE
	EndGlobalSection
	GlobalSection(ExtensibilityGlobals) = postSolution
		SolutionGuid = {5FD49A77-B5C1-4C4B-B625-97AEAEADEA41}
	EndGlobalSection
EndGlobal
