
Microsoft Visual Studio Solution File, Format Version 12.00
# Visual Studio Version 16
VisualStudioVersion = 16.0.30611.23
MinimumVisualStudioVersion = 10.0.40219.1
Project("{FAE04EC0-301F-11D3-BF4B-00C04F79EFBC}") = "EstoqueSimples", "EstoqueSimples\EstoqueSimples.csproj", "{F3438F93-5063-474B-B57E-848C5BB1AA9C}"
EndProject
Global
	GlobalSection(SolutionConfigurationPlatforms) = preSolution
		Debug|Any CPU = Debug|Any CPU
		Release|Any CPU = Release|Any CPU
	EndGlobalSection
	GlobalSection(ProjectConfigurationPlatforms) = postSolution
		{F3438F93-5063-474B-B57E-848C5BB1AA9C}.Debug|Any CPU.ActiveCfg = Debug|Any CPU
		{F3438F93-5063-474B-B57E-848C5BB1AA9C}.Debug|Any CPU.Build.0 = Debug|Any CPU
		{F3438F93-5063-474B-B57E-848C5BB1AA9C}.Release|Any CPU.ActiveCfg = Release|Any CPU
		{F3438F93-5063-474B-B57E-848C5BB1AA9C}.Release|Any CPU.Build.0 = Release|Any CPU
	EndGlobalSection
	GlobalSection(SolutionProperties) = preSolution
		HideSolutionNode = FALSE
	EndGlobalSection
	GlobalSection(ExtensibilityGlobals) = postSolution
		SolutionGuid = {BEF4105B-8113-48D6-84E9-C19253D06C24}
	EndGlobalSection
EndGlobal
